{
  "name": "练手",
  "lockfileVersion": 3,
  "requires": true,
  "packages": {
    "": {
      "dependencies": {
        "@types/snapsvg": "^0.5.8",
        "eve": "^0.5.4",
        "snapsvg-cjs": "^0.0.6"
      }
    },
    "node_modules/@types/mina": {
      "version": "0.4.5",
      "resolved": "https://registry.npmjs.org/@types/mina/-/mina-0.4.5.tgz",
      "integrity": "sha512-rKJ8aoYqsP9jGtMstbcR8Z75mq0yGXkkFu8581olgRIkpoHCM6UXcpkX1TctknQInTlHE7zV9wkhqdN6fgntpA==",
      "license": "MIT"
    },
    "node_modules/@types/snapsvg": {
      "version": "0.5.8",
      "resolved": "https://registry.npmjs.org/@types/snapsvg/-/snapsvg-0.5.8.tgz",
      "integrity": "sha512-pQOX8vkOkXM956ahW7iiSgvDcNd8lSAObrIGZndoaze1dDLwhEQoa2YRHyxmY1r2hvUHntGOhP5XyhF5SPg7Zg==",
      "license": "MIT",
      "dependencies": {
        "@types/mina": "*"
      }
    },
    "node_modules/eve": {
      "version": "0.5.4",
      "resolved": "https://registry.npmjs.org/eve/-/eve-0.5.4.tgz",
      "integrity": "sha512-aqprQ9MAOh1t66PrHxDFmMXPlgNO6Uv1uqvxmwjprQV50jaQ2RqO7O1neY4PJwC+hMnkyMDphu2AQPOPZdjQog==",
      "license": "Apache-2.0"
    },
    "node_modules/snapsvg": {
      "version": "0.5.1",
      "resolved": "https://registry.npmjs.org/snapsvg/-/snapsvg-0.5.1.tgz",
      "integrity": "sha512-CjwWYsL7+CCk1vCk9BBKGYS4WJVDfJAOMWU+Zhzf8wf6pAm/xT34wnpaMPAgcgCNkxuU6OkQPPd8wGuRCY9aNw==",
      "license": "Apache-2.0",
      "dependencies": {
        "eve": "~0.5.1"
      }
    },
    "node_modules/snapsvg-cjs": {
      "version": "0.0.6",
      "resolved": "https://registry.npmjs.org/snapsvg-cjs/-/snapsvg-cjs-0.0.6.tgz",
      "integrity": "sha512-7NNvoGrc3BQvWz5rWK1DsD5/Vni4STswz5B3JrBADboQWcN8OBVGjYVJFPT5JkUXb2iVnEflZANhufEpEcTHXw==",
      "license": "MIT",
      "dependencies": {
        "snapsvg": "0.5.1"
      },
      "peerDependencies": {
        "eve": "~0.5.1"
      }
    }
  }
}
